Microsoft Visual Studio Solution File, Format Version 11.00
# Visual Studio 2008

Project("{8FDCF867-BE79-FC09-0B1C-B6DA3752974C}") = "PubnativeSample", "Assembly-CSharp-vs.csproj", "{DBD5AC98-4F63-F33B-E603-3DAD4FD7E550}"
EndProject
Project("{8FDCF867-BE79-FC09-0B1C-B6DA3752974C}") = "PubnativeSample", "Assembly-CSharp-Editor-vs.csproj", "{A2820C9D-4494-F181-055B-5C625A9F4504}"
EndProject
Global
	GlobalSection(SolutionConfigurationPlatforms) = preSolution
		Debug|Any CPU = Debug|Any CPU
		Release|Any CPU = Release|Any CPU
	EndGlobalSection
	GlobalSection(ProjectConfigurationPlatforms) = postSolution
		{DBD5AC98-4F63-F33B-E603-3DAD4FD7E550}.Debug|Any CPU.ActiveCfg = Debug|Any CPU
		{DBD5AC98-4F63-F33B-E603-3DAD4FD7E550}.Debug|Any CPU.Build.0 = Debug|Any CPU
		{DBD5AC98-4F63-F33B-E603-3DAD4FD7E550}.Release|Any CPU.ActiveCfg = Release|Any CPU
		{DBD5AC98-4F63-F33B-E603-3DAD4FD7E550}.Release|Any CPU.Build.0 = Release|Any CPU
		{A2820C9D-4494-F181-055B-5C625A9F4504}.Debug|Any CPU.ActiveCfg = Debug|Any CPU
		{A2820C9D-4494-F181-055B-5C625A9F4504}.Debug|Any CPU.Build.0 = Debug|Any CPU
		{A2820C9D-4494-F181-055B-5C625A9F4504}.Release|Any CPU.ActiveCfg = Release|Any CPU
		{A2820C9D-4494-F181-055B-5C625A9F4504}.Release|Any CPU.Build.0 = Release|Any CPU
	EndGlobalSection
	GlobalSection(SolutionProperties) = preSolution
		HideSolutionNode = FALSE
	EndGlobalSection
																																																GlobalSection(MonoDevelopProperties) = preSolution
		StartupItem = Assembly-CSharp.csproj
		Policies = $0
		$0.TextStylePolicy = $1
		$1.inheritsSet = null
		$1.scope = text/x-csharp
		$0.CSharpFormattingPolicy = $2
		$2.inheritsSet = Mono
		$2.inheritsScope = text/x-csharp
		$2.scope = text/x-csharp
		$0.TextStylePolicy = $3
		$3.FileWidth = 120
		$3.TabWidth = 4
		$3.EolMarker = Unix
		$3.inheritsSet = Mono
		$3.inheritsScope = text/plain
		$3.scope = text/plain
	EndGlobalSection

EndGlobal
